github.com/BurntSushi/toml v0.0.0-20170626110600-a368813c5e64 h1:BuYewlQyh/jroxY8qx41SrzD8Go17GkyCyAeVmprvQI=
github.com/BurntSushi/toml v0.0.0-20170626110600-a368813c5e64/go.mod h1:xHWCNGjB5oqiDr8zfno3MHue2Ht5sIBksp03qcyfWMU=
github.com/Masterminds/goutils v1.0.1 h1:upyB/JGR/aPHTE3f4O3mBIbJCr7aPup+/03IS4aXU6Y=
github.com/Masterminds/goutils v1.0.1/go.mod h1:8cTjp+g8YejhMuvIA5y2vz3BpJxksy863GQaJW2MFNU=
github.com/Masterminds/semver v1.3.1 h1:4CEBDLZtuloRJFiIzzlR/VcQOCiFzhaaa7hE4DEB97Y=
github.com/Masterminds/semver v1.3.1/go.mod h1:MB6lktGJrhw8PrUyiEoblNEGEQ+RzHPF078ddwwvV3Y=
github.com/Masterminds/sprig v2.14.1+incompatible h1:rTHERm50Xp1Cbb8x7xBCeDp//jMMqqR44EWw7KwSXUQ=
github.com/Masterminds/sprig v2.14.1+incompatible/go.mod h1:y6hNFY5UBTIWBxnzTeuNhlNS5hqE0NB0E6fgfo2Br3o=
github.com/PuerkitoBio/purell v1.1.0 h1:rmGxhojJlM0tuKtfdvliR84CFHljx9ag64t2xmVkjK4=
github.com/PuerkitoBio/purell v1.1.0/go.mod h1:c11w/QuzBsJSee3cPx9rAFu61PvFxuPbtSwDGJws/X0=
github.com/PuerkitoBio/urlesc v0.0.0-20170810143723-de5bf2ad4578 h1:d+Bc7a5rLufV/sSk/8dngufqelfh6jnri85riMAaF/M=
github.com/PuerkitoBio/urlesc v0.0.0-20170810143723-de5bf2ad4578/go.mod h1:uGdkoq3SwY9Y+13GIhn11/XLaGBb4BfwItxLd5jeuXE=
github.com/ajeddeloh/yaml v0.0.0-20160722214022-1072abfea311 h1:2GE/uW8k9V6gEj+GNZtrPBKTy30wpi1UpTrCdM1YBmg=
github.com/ajeddeloh/yaml v0.0.0-20160722214022-1072abfea311/go.mod h1:idhzw68Q7v4j+rQ2AGyq3OlZW2Jij9mdmGA4/Sk6J0E=
github.com/alecthomas/units v0.0.0-20150109002421-6b4e7dc5e314 h1:NWdGjCRUTTqEqDwJRojRLiwXDW1ZJM2DSiyGfBWx874=
github.com/alecthomas/units v0.0.0-20150109002421-6b4e7dc5e314/go.mod h1:ybxpYRFXyAe+OPACYpWeL0wqObRcbAqCMya13uyzqw0=
github.com/aokoli/goutils v1.0.1 h1:7fpzNGoJ3VA8qcrm++XEE1QUe0mIwNeLa02Nwq7RDkg=
github.com/aokoli/goutils v1.0.1/go.mod h1:SijmP0QR8LtwsmDs8Yii5Z/S4trXFGFC2oO5g9DP+DQ=
github.com/asaskevich/govalidator v0.0.0-20170903095215-73945b6115bf h1:wXq5VXJjLole37O6oWZwqBRbKZw6VmC+wuAe8j/w2ZA=
github.com/asaskevich/govalidator v0.0.0-20170903095215-73945b6115bf/go.mod h1:lB+ZfQJz7igIIfQNfa7Ml4HSf2uFQQRzpGGRXenZAgY=
github.com/beorn7/perks v0.0.0-20160804104726-4c0e84591b9a h1:BtpsbiV638WQZwhA98cEZw2BsbnQJrbd0BI7tsy0W1c=
github.com/beorn7/perks v0.0.0-20160804104726-4c0e84591b9a/go.mod h1:Dwedo/Wpr24TaqPxmxbtue+5NUziq4I4S80YR8gNf3Q=
github.com/bugroger/glognomore v0.0.0-20180702093556-abbb4165c641 h1:V/S8JiIfBS1QaMj+DPTT4Hb/gNrAOPelzASNi83jRqo=
github.com/bugroger/glognomore v0.0.0-20180702093556-abbb4165c641/go.mod h1:dTu8mZPhzW8hmpP047fNYO16iRtYuf0U5pBzOzr2Oic=
github.com/cenkalti/backoff v0.0.0-20170918082838-80e08cb804a3 h1:M7n2ZKnhZvzlFC/PJa0e/3fy9ORtPXj3gGQz/x8Re08=
github.com/cenkalti/backoff v0.0.0-20170918082838-80e08cb804a3/go.mod h1:90ReRw6GdpyfrHakVjL/QHaoyV4aDUVVkXQJJJ3NXXM=
github.com/coreos/container-linux-config-transpiler v0.4.2 h1:qIdgkZtRyh/umFsZjjnVTz1Ln+OkHi+YhBecGEU6idw=
github.com/coreos/container-linux-config-transpiler v0.4.2/go.mod h1:SlcxXZQ2c42knj8pezMiQsM1f+ADxFMjGetuMKR/YSQ=
github.com/coreos/go-semver v0.0.0-20170209201757-5e3acbb5668c h1:+wuUamXDDSjSegI1+8PkeQ0oY7azHxu0jlLJ9Cc/oLE=
github.com/coreos/go-semver v0.0.0-20170209201757-5e3acbb5668c/go.mod h1:nnelYz7RCh+5ahJtPPxZlU+153eP4D4r3EedlOD2RNk=
github.com/coreos/go-systemd v0.0.0-20161114122254-48702e0da86b h1:+mtZ0WjVZwTX0RVrXMXDwuYVaNeHGvWBW1UwJeMR+2M=
github.com/coreos/go-systemd v0.0.0-20161114122254-48702e0da86b/go.mod h1:F5haX7vjVVG0kc13fIWeqUViNPyEJxv/OmvnBo0Yme4=
github.com/coreos/ignition v0.17.2 h1:3SBfYdX3C56Abvtqc2QIpuWAJzFJZ0jupbpBNINaVDs=
github.com/coreos/ignition v0.17.2/go.mod h1:WJQapxzEn9DE0ryxsGvm8QnBajm/XsS/PkrDqSpz+bA=
github.com/danieljoos/wincred v1.0.1 h1:fcRTaj17zzROVqni2FiToKUVg3MmJ4NtMSGCySPIr/g=
github.com/danieljoos/wincred v1.0.1/go.mod h1:SnuYRW9lp1oJrZX/dXJqr0cPK5gYXqx3EJbmjhLdK9U=
github.com/databus23/goslo.policy v0.0.0-20170317131957-3ae74dd07ebf h1:9V+7mLoEGsdQRnHH7idSfsNcvYFBF3y41AgK3r6whzA=
github.com/databus23/goslo.policy v0.0.0-20170317131957-3ae74dd07ebf/go.mod h1:l9nkDMRWNXo519AKv09j14YhyHW1YsAKAa1kG6R1p3Y=
github.com/databus23/guttle v0.0.0-20180831113238-290306d52eb2 h1:beY0aihoUu71237z+7xwlrd4Zv6sj3F7yvjTG0/X7o8=
github.com/databus23/guttle v0.0.0-20180831113238-290306d52eb2/go.mod h1:rXhm36GMqFlpEHJVnwHgD1B4SrX8SExE17Hbry+9HhU=
github.com/databus23/keystone v0.0.0-20180111110916-350fd0e663cd h1:OptdAs3t90tBs6w+lAJVVhBQj3/gqHh1tAQQBL5r08M=
github.com/databus23/keystone v0.0.0-20180111110916-350fd0e663cd/go.mod h1:TtJx0X0i4vIrVWmEEDScoV1pI2IRk0xnLSOdkBOSNgQ=
github.com/databus23/requestutil v0.0.0-20160108082528-5ff8e981f38f h1:XNMA7+H8BjFGoU7R0Adz8QgqnorBwoAYo2TuRR68OHQ=
github.com/databus23/requestutil v0.0.0-20160108082528-5ff8e981f38f/go.mod h1:9lJOl67qQbftfM/7wA66PCEw4RHVdbmX+37Z1zPZTcs=
github.com/davecgh/go-spew v0.0.0-20171005155431-ecdeabc65495 h1:6IyqGr3fnd0tM3YxipK27TUskaOVUjU2nG45yzwcQKY=
github.com/davecgh/go-spew v0.0.0-20171005155431-ecdeabc65495/go.mod h1:J7Y8YcW2NihsgmVo/mv3lAwl/skON4iLHjSsI+c5H38=
github.com/docker/go-units v0.0.0-20171221200356-d59758554a3d h1:QEYTOUa4JROW5CSAHU8qc0rD8uhx1tsUkBsSDk8P5eM=
github.com/docker/go-units v0.0.0-20171221200356-d59758554a3d/go.mod h1:fgPhTUdO+D/Jk86RDLlptpiXQzgHJF7gydDDbaIK4Dk=
github.com/docker/spdystream v0.0.0-20160310174837-449fdfce4d96 h1:cenwrSVm+Z7QLSV/BsnenAOcDXdX4cMv4wP0B/5QbPg=
github.com/docker/spdystream v0.0.0-20160310174837-449fdfce4d96/go.mod h1:Qh8CwZgvJUkLughtfhJv5dyTYa91l1fOUCrgjqmcifM=
github.com/emicklei/go-restful v0.0.0-20170410110728-ff4f55a20633 h1:H2pdYOb3KQ1/YsqVWoWNLQO+fusocsw354rqGTZtAgw=
github.com/emicklei/go-restful v0.0.0-20170410110728-ff4f55a20633/go.mod h1:otzb+WCGbkyDHkqmQmT5YD2WR4BBwUdeQoFo8l/7tVs=
github.com/ghodss/yaml v0.0.0-20150909031657-73d445a93680 h1:ZktWZesgun21uEDrwW7iEV1zPCGQldM2atlJZ3TdvVM=
github.com/ghodss/yaml v0.0.0-20150909031657-73d445a93680/go.mod h1:4dBDuWmgqj2HViK6kFavaiC9ZROes6MMH2rRYeMEF04=
github.com/go-kit/kit v0.6.0 h1:wTifptAGIyIuir4bRyN4h7+kAa2a4eepLYVmRe5qqQ8=
github.com/go-kit/kit v0.6.0/go.mod h1:xBxKIO96dXMWWy0MnWVtmwkA9/13aqxPnvrjFYMA2as=
github.com/go-logfmt/logfmt v0.3.0 h1:8HUsc87TaSWLKwrnumgC8/YconD2fJQsRJAsWaPg2ic=
github.com/go-logfmt/logfmt v0.3.0/go.mod h1:Qt1PoO58o5twSAckw1HlFXLmHsOX5/0LbT9GBnD5lWE=
github.com/go-openapi/analysis v0.0.0-20170813233457-8ed83f2ea9f0 h1:mOiQJ4b70+jOICcb5C6DHYMBBMZyoM9FzOVJpSHXAz8=
github.com/go-openapi/analysis v0.0.0-20170813233457-8ed83f2ea9f0/go.mod h1:k70tL6pCuVxPJOHXQ+wIac1FUrvNkHolPie/cLEU6hI=
github.com/go-openapi/errors v0.0.0-20170426151106-03cfca65330d h1:UuQ3A+LxnsFQQO0vAFQb7QadKRPJgq4PvOh2aeETYzs=
github.com/go-openapi/errors v0.0.0-20170426151106-03cfca65330d/go.mod h1:La0D2x9HoXenv7MDEiAv6vWoe84CXFo0PQRk/jdQlww=
github.com/go-openapi/jsonpointer v0.0.0-20170102174223-779f45308c19 h1:UmnefiS/Yrdfl15NXUA9T51lyQf72tCvWHfOiRLd1+g=
github.com/go-openapi/jsonpointer v0.0.0-20170102174223-779f45308c19/go.mod h1:+35s3my2LFTysnkMfxsJBAMHj/DoqoB9knIWoYG/Vk0=
github.com/go-openapi/jsonreference v0.0.0-20161105162150-36d33bfe519e h1:gbNUNGpVJLxaXBxI7iCHZdg3PwgLOJ9lPQGVINRrC9E=
github.com/go-openapi/jsonreference v0.0.0-20161105162150-36d33bfe519e/go.mod h1:W3Z9FmVs9qj+KR4zFKmDPGiLdk1D9Rlm7cyMvf57TTg=
github.com/go-openapi/loads v0.0.0-20171020172901-c3e1ca4c0b61 h1:e5xd49LQKBdwqs4JpUs1IuR/kV+Sj8bbJefGSOhBW+s=
github.com/go-openapi/loads v0.0.0-20171020172901-c3e1ca4c0b61/go.mod h1:5qFWh9T8iTbMizjsoC/EHEN3onRy+cfNRw/wV1iX1Og=
github.com/go-openapi/runtime v0.0.0-20171109160715-2da70401d8fa h1:U/QtTmWI+pIeh7a7NvWuDyZPaLSW+UGWw6BnBYDZdPM=
github.com/go-openapi/runtime v0.0.0-20171109160715-2da70401d8fa/go.mod h1:6v9a6LTXWQCdL8k1AO3cvqx5OtZY/Y9wKTgaoP6YRfA=
github.com/go-openapi/spec v0.0.0-20171105074921-a4fa9574c7aa h1:qePsbAVdhUehfvnxXb76IUtOaCE7RhDSH4ToubTWww4=
github.com/go-openapi/spec v0.0.0-20171105074921-a4fa9574c7aa/go.mod h1:J8+jY1nAiCcj+friV/PDoE1/3eeccG9LYBs0tYvLOWc=
github.com/go-openapi/strfmt v0.0.0-20170822153411-610b6cacdcde h1:JjlHB2aORlzTnllXXWbqpUsOXzqlSN9cB5NyBLgvVXY=
github.com/go-openapi/strfmt v0.0.0-20170822153411-610b6cacdcde/go.mod h1:/bCWipNKhC9QMhD8HRe2EGbU8G0D4Yvh0G6X4k1Xwvg=
github.com/go-openapi/swag v0.0.0-20171111214437-cf0bdb963811 h1:r38dWW65/T34YOCwzGTAoDxP16l+OpDJl/n07P+pvUo=
github.com/go-openapi/swag v0.0.0-20171111214437-cf0bdb963811/go.mod h1:DXUve3Dpr1UfpPtxFw+EFuQ41HhCWZfha5jSVRG7C7I=
github.com/go-openapi/validate v0.0.0-20171109223028-a52193aca9d5 h1:9WETIGcpyXh8oby9FwXJ+pVcPun1Bf13i19z6Y589zg=
github.com/go-openapi/validate v0.0.0-20171109223028-a52193aca9d5/go.mod h1:ve8xoSHgqBUifiKgaVbxLmOE0ckvH0oXfsJcnm6SIz0=
github.com/go-stack/stack v1.7.0 h1:S04+lLfST9FvL8dl4R31wVUC/paZp/WQZbLmUgWboGw=
github.com/go-stack/stack v1.7.0/go.mod h1:v0f6uXyyMGvRgIKkXu+yp6POWl0qKG85gN/melR3HDY=
github.com/gobwas/glob v0.2.3 h1:A4xDbljILXROh+kObIiy5kIaPYD8e96x1tgBhUI5J+Y=
github.com/gobwas/glob v0.2.3/go.mod h1:d3Ez4x06l9bZtSvzIay5+Yzi0fmZzPgnTbPcKjJAkT8=
github.com/godbus/dbus v0.0.0-20151105175453-c7fdd8b5cd55 h1:oIgNYSrSUbNH5DJh6DMhU1PiOKOYIHNxrV3djLsLpEI=
github.com/godbus/dbus v0.0.0-20151105175453-c7fdd8b5cd55/go.mod h1:/YcGZj5zSblfDWMMoOzV4fas9FZnQYTkDnsGvmh2Grw=
github.com/gogo/protobuf v0.0.0-20170330071051-c0656edd0d9e h1:ago6fNuQ6IhszPsXkeU7qRCyfsIX7L67WDybsAPkLl8=
github.com/gogo/protobuf v0.0.0-20170330071051-c0656edd0d9e/go.mod h1:r8qH/GZQm5c6nD/R0oafs1akxWv10x8SbQlK7atdtwQ=
github.com/golang/glog v0.0.0-20160126235308-23def4e6c14b h1:VKtxabqXZkF25pY9ekfRL6a582T4P37/31XEstQ5p58=
github.com/golang/glog v0.0.0-20160126235308-23def4e6c14b/go.mod h1:SBH7ygxi8pfUlaOkMMuAQtPIUF8ecWP5IEl/CR7VP2Q=
github.com/golang/groupcache v0.0.0-20160516000752-02826c3e7903 h1:LbsanbbD6LieFkXbj9YNNBupiGHJgFeLpO0j0Fza1h8=
github.com/golang/groupcache v0.0.0-20160516000752-02826c3e7903/go.mod h1:cIg4eruTrX1D+g88fzRXU5OdNfaM+9IcxsU14FzY7Hc=
github.com/golang/protobuf v0.0.0-20171021043952-1643683e1b54 h1:nRNJXiJvemchkOTn0V4U11TZkvacB94gTzbTZbSA7Rw=
github.com/golang/protobuf v0.0.0-20171021043952-1643683e1b54/go.mod h1:6lQm79b+lXiMfvg/cZm0SGofjICqVBUtrP5yJMmIC1U=
github.com/google/btree v0.0.0-20160524151835-7d79101e329e h1:JHB7F/4TJCrYBW8+GZO8VkWDj1jxcWuCl6uxKODiyi4=
github.com/google/btree v0.0.0-20160524151835-7d79101e329e/go.mod h1:lNA+9X1NB3Zf8V7Ke586lFgjr2dZNuvo3lPJSGZ5JPQ=
github.com/google/gofuzz v0.0.0-20161122191042-44d81051d367 h1:ScAXWS+TR6MZKex+7Z8rneuSJH+FSDqd6ocQyl+ZHo4=
github.com/google/gofuzz v0.0.0-20161122191042-44d81051d367/go.mod h1:HP5RmnzzSNb993RKQDq4+1A4ia9nllfqcQFTQJedwGI=
github.com/googleapis/gnostic v0.0.0-20170729233727-0c5108395e2d h1:7XGaL1e6bYS1yIonGp9761ExpPPV1ui0SAC59Yube9k=
github.com/googleapis/gnostic v0.0.0-20170729233727-0c5108395e2d/go.mod h1:sJBsCZ4ayReDTBIg8b9dl28c5xFWyhBTVRp3pOg5EKY=
github.com/gophercloud/gophercloud v0.0.0-20180623033157-1ad7a96d69a2 h1:Rd97fhJBzhnazEEwY2ThR8JSNk0yk19euSMrF8yvPOY=
github.com/gophercloud/gophercloud v0.0.0-20180623033157-1ad7a96d69a2/go.mod h1:3WdhXV3rUYy9p6AUW8d94kr+HS62Y4VL9mBnFxsD8q4=
github.com/gregjones/httpcache v0.0.0-20170728041850-787624de3eb7 h1:6TSoaYExHper8PYsJu23GWVNOyYRCSnIFyxKgLSZ54w=
github.com/gregjones/httpcache v0.0.0-20170728041850-787624de3eb7/go.mod h1:FecbI9+v66THATjSRHfNgh1IVFe/9kFxbXtjV0ctIMA=
github.com/hashicorp/golang-lru v0.0.0-20160207214719-a0d98a5f2880 h1:OaRuzt9oCKNui8cCskZijoKUwe+aCuuCwvx1ox8FNyw=
github.com/hashicorp/golang-lru v0.0.0-20160207214719-a0d98a5f2880/go.mod h1:/m3WP610KZHVQ1SGc6re/UDhFvYD7pJ4Ao+sR/qLZy8=
github.com/hashicorp/yamux v0.0.0-20180826203732-cc6d2ea263b2 h1:QWdAspPPc/c5mh+D7cedfGmL8cxGXKxUGZiNMduza68=
github.com/hashicorp/yamux v0.0.0-20180826203732-cc6d2ea263b2/go.mod h1:+NfK9FKeTrX5uv1uIXGdwYDTeHna2qgaIlx54MXqjAM=
github.com/howeyc/gopass v0.0.0-20170109162249-bf9dde6d0d2c h1:kQWxfPIHVLbgLzphqk3QUflDy9QdksZR4ygR807bpy0=
github.com/howeyc/gopass v0.0.0-20170109162249-bf9dde6d0d2c/go.mod h1:lADxMC39cJJqL93Duh1xhAs4I2Zs8mKS89XWXFGp9cs=
github.com/huandu/xstrings v0.0.0-20171208101919-37469d0c81a7 h1:R0nKKwkYJX9se2L7e6tIwzNq1MPmqBnLVubd7R4LsqQ=
github.com/huandu/xstrings v0.0.0-20171208101919-37469d0c81a7/go.mod h1:4qWG/gcEcfX4z/mBDHJ++3ReCw9ibxbsNJbcucJdbSo=
github.com/imdario/mergo v0.0.0-20160216103600-3e95a51e0639 h1:VMd01CgpBpmLpuERyY4Oibn2PpcVS1fK9sjh5UZG8+o=
github.com/imdario/mergo v0.0.0-20160216103600-3e95a51e0639/go.mod h1:2EnlNZ0deacrJVfApfmtdGgDfMuh/nq6Ok1EcJh5FfA=
github.com/inconshreveable/mousetrap v1.0.0 h1:Z8tu5sraLXCXIcARxBp/8cbvlwVa7Z1NHg9XEKhtSvM=
github.com/inconshreveable/mousetrap v1.0.0/go.mod h1:PxqpIevigyE2G7u3NXJIT2ANytuPF1OarO4DADm73n8=
github.com/joeshaw/envdecode v0.0.0-20170502020559-6326cbed175e h1:OjHamqOoW5L+YgnzK3JBoMCLLhximcwxDFvjLqXeeJ0=
github.com/joeshaw/envdecode v0.0.0-20170502020559-6326cbed175e/go.mod h1:Q+alOFAXgW5SrcfMPt/G4B2oN+qEcQRJjkn/f4mKL04=
github.com/json-iterator/go v0.0.0-20170829155851-36b14963da70 h1:ayazo58lUvFfIE9R2tr0pP/ZbsDg4YZSIZxufWj9t/g=
github.com/json-iterator/go v0.0.0-20170829155851-36b14963da70/go.mod h1:+SdeFBvtyEkXs7REEP0seUULqWtbJapLOCVDaaPEHmU=
github.com/juju/ratelimit v0.0.0-20170523012141-5b9ff8664717 h1:gfrLWZBU8a+vr2wQZWR9ctEm3syl1A7QIN9O2p7lZ/4=
github.com/juju/ratelimit v0.0.0-20170523012141-5b9ff8664717/go.mod h1:qapgC/Gy+xNh9UxzV13HGGl/6UXNN+ct+vwSgWNm/qk=
github.com/justinas/alice v0.0.0-20171023064455-03f45bd4b7da h1:5y58+OCjoHCYB8182mpf/dEsq0vwTKPOo4zGfH0xW9A=
github.com/justinas/alice v0.0.0-20171023064455-03f45bd4b7da/go.mod h1:oLH0CmIaxCGXD67VKGR5AacGXZSMznlmeqM8RzPrcY8=
github.com/kennygrant/sanitize v1.2.3 h1:lMTHgebyLyRtvNyIAnsKyp0CO/zAS8+YmyWRDJ94WBw=
github.com/kennygrant/sanitize v1.2.3/go.mod h1:LGsjYYtgxbetdg5owWB2mpgUL6e2nfw2eObZ0u0qvak=
github.com/kr/logfmt v0.0.0-20140226030751-b84e30acd515 h1:T+h1c/A9Gawja4Y9mFVWj2vyii2bbUNDw3kt9VxK2EY=
github.com/kr/logfmt v0.0.0-20140226030751-b84e30acd515/go.mod h1:+0opPa2QZZtGFBFZlji/RkVcI2GknAs/DXo4wKdlNEc=
github.com/mailru/easyjson v0.0.0-20171106100207-5f62e4f3afa2 h1:f/rLqk10SMFklAhZ1tcO7uUou4Je19ndseZRdlMahao=
github.com/mailru/easyjson v0.0.0-20171106100207-5f62e4f3afa2/go.mod h1:C1wdFJiN94OJF2b5HbByQZoLdCWB1Yqtg26g4irojpc=
github.com/matttproud/golang_protobuf_extensions v0.0.0-20150406173934-fc2b8d3a73c4 h1:NlK6WXPDxjVVwseTuj5NdNJBDabnoJryx4UqB5i/Lk8=
github.com/matttproud/golang_protobuf_extensions v0.0.0-20150406173934-fc2b8d3a73c4/go.mod h1:D8He9yQNgCq6Z5Ld7szi9bcBfOoFv/3dc6xSMkL2PC0=
github.com/mitchellh/mapstructure v0.0.0-20171017171808-06020f85339e h1:PtGHLB3CX3TFPcksODQMxncoeQKWwCgTg0bJ40VLJP4=
github.com/mitchellh/mapstructure v0.0.0-20171017171808-06020f85339e/go.mod h1:FVVH3fgwuzCH5S8UJGiWEs2h04kUh9fWfEaFds41c1Y=
github.com/oklog/run v0.0.0-20180308005104-6934b124db28 h1:Hbr3fbVPXea52oPQeP7KLSxP52g6SFaNY1IqAmUyEW0=
github.com/oklog/run v0.0.0-20180308005104-6934b124db28/go.mod h1:dlhp/R75TPv97u0XWUtDeV/lRKWPKSdTuV0TZvrmrQA=
github.com/peterbourgon/diskv v2.0.1+incompatible h1:UBdAOUP5p4RWqPBg048CAvpKN+vxiaj6gdUUzhl4XmI=
github.com/peterbourgon/diskv v2.0.1+incompatible/go.mod h1:uqqh8zWWbv1HBMNONnaR/tNboyR3/BZd58JJSHlUSCU=
github.com/pkg/errors v0.8.0 h1:WdK/asTD0HN+q6hsWO3/vpuAkAr+tw6aNJNDFFf0+qw=
github.com/pkg/errors v0.8.0/go.mod h1:bwawxfHBFNV+L2hUp1rHADufV3IMtnDRdf1r5NINEl0=
github.com/pmezard/go-difflib v1.0.0 h1:4DBwDE0NGyQoBHbLQYPwSUPoCMWR5BEzIk/f1lZbAQM=
github.com/pmezard/go-difflib v1.0.0/go.mod h1:iKH77koFhYxTK1pcRnkKkqfTogsbg7gZNVY4sRDYZ/4=
github.com/pmylund/go-cache v2.1.0+incompatible h1:n+7K51jLz6a3sCvff3BppuCAkixuDHuJ/C57Vw/XjTE=
github.com/pmylund/go-cache v2.1.0+incompatible/go.mod h1:hmz95dGvINpbRZGsqPcd7B5xXY5+EKb5PpGhQY3NTHk=
github.com/prometheus/client_golang v0.0.0-20180215121106-fcc130e101e7 h1:7/krRiP1TcrThz9Ei8RwhpcmKh5Vtnz9J3wXghk76rI=
github.com/prometheus/client_golang v0.0.0-20180215121106-fcc130e101e7/go.mod h1:7SWBe2y4D6OKWSNQJUaRYU/AaXPKyh/dDVn+NZz0KFw=
github.com/prometheus/client_model v0.0.0-20171117100541-99fa1f4be8e5 h1:cLL6NowurKLMfCeQy4tIeph12XNQWgANCNvdyrOYKV4=
github.com/prometheus/client_model v0.0.0-20171117100541-99fa1f4be8e5/go.mod h1:MbSGuTsp3dbXC40dX6PRTWyKYBIrTGTE9sqQNg2J8bo=
github.com/prometheus/common v0.0.0-20170427095455-13ba4ddd0caa h1:WBOqSBZzK9pqPXiewLT2aL9evdTCy4hUefz0h3iJGGI=
github.com/prometheus/common v0.0.0-20170427095455-13ba4ddd0caa/go.mod h1:daVV7qP5qjZbuso7PdcryaAu0sAZbrN9i7WWcTMWvro=
github.com/prometheus/procfs v0.0.0-20170519190837-65c1f6f8f0fc h1:1UFN0Chn4hECRNXpeOxy7CScWXJm9xZn1IJLc03NOF8=
github.com/prometheus/procfs v0.0.0-20170519190837-65c1f6f8f0fc/go.mod h1:c3At6R/oaqEKCNdg8wHV1ftS6bRYblBhIjjI8uT2IGk=
github.com/rs/cors v0.0.0-20170801073201-eabcc6af4bbe h1:fPLXIFSIvTs99QtPSCsRITbv01v7MsPN7wpuYtD8ebI=
github.com/rs/cors v0.0.0-20170801073201-eabcc6af4bbe/go.mod h1:gFx+x8UowdsKA9AchylcLynDq+nNFfI8FkUZdN/jGCU=
github.com/satori/go.uuid v1.2.0 h1:0uYX9dsZ2yD7q2RtLRtPSdGDWzjeM3TbMJP9utgA0ww=
github.com/satori/go.uuid v1.2.0/go.mod h1:dA0hQrYB0VpLJoorglMZABFdXlWrHn1NEOzdhQKdks0=
github.com/spf13/cobra v0.0.0-20160722081547-f62e98d28ab7 h1:vX79RLf8hJqzYiv0FVgbIqSD76lK4dTIoIN29Kc4MXo=
github.com/spf13/cobra v0.0.0-20160722081547-f62e98d28ab7/go.mod h1:1l0Ry5zgKvJasoi3XT1TypsSe7PqH0Sj9dhYf7v3XqQ=
github.com/spf13/pflag v0.0.0-20171106142849-4c012f6dcd95 h1:fBkxrj/ArtKnC3J1DOZhn3SYiVkVRFZC574bq2Ifa/0=
github.com/spf13/pflag v0.0.0-20171106142849-4c012f6dcd95/go.mod h1:DYY7MBk1bdzusC3SYhjObp+wFpr4gzcvqqNjLnInEg4=
github.com/stretchr/objx v0.0.0-20180129172003-8a3f7159479f h1:SrOsK2rwonEK9IsdNEU61zcTdKW68/PuV9wuHHpqngk=
github.com/stretchr/objx v0.0.0-20180129172003-8a3f7159479f/go.mod h1:HFkY916IF+rwdDfMAkV7OtwuqBVzrE8GR6GFx+wExME=
github.com/stretchr/testify v1.2.2 h1:bSDNvY7ZPG5RlJ8otE/7V6gMiyenm9RtJ7IUVIAoJ1w=
github.com/stretchr/testify v1.2.2/go.mod h1:a8OnRcib4nhh0OaRAV+Yts87kKdq0PP7pXfy6kDkUVs=
github.com/tredoe/osutil v0.0.0-20161130133508-7d3ee1afa71c h1:5q7IHeqvAA4hWR1CfpTOS7RFsTDC36TaSZ8Dvc00bPk=
github.com/tredoe/osutil v0.0.0-20161130133508-7d3ee1afa71c/go.mod h1:M/I710pXKQToMdqt/D+mJ4QsnW6WDaajyB6DWFmDXBs=
github.com/tylerb/graceful v0.0.0-20170221171003-d72b0151351a h1:s7Ayvb4FBNAV0Na/34dTGg1KcvPzhcTrjTGoT0dMa9o=
github.com/tylerb/graceful v0.0.0-20170221171003-d72b0151351a/go.mod h1:LPYTbOYmUTdabwRt0TGhLllQ0MUNbs0Y5q1WXJOI9II=
github.com/vincent-petithory/dataurl v0.0.0-20160330182126-9a301d65acbb h1:lyL3z7vYwTWXf4/bI+A01+cCSnfhKIBhy+SQ46Z/ml8=
github.com/vincent-petithory/dataurl v0.0.0-20160330182126-9a301d65acbb/go.mod h1:FHafX5vmDzyP+1CQATJn7WFKc9CvnvxyvZy6I1MrG/U=
github.com/zalando/go-keyring v0.0.0-20180221093347-6d81c293b3fb h1:tXbazu9ZlecQbyCczvA22mWj+lw/36Bdwxapk8v7e7s=
github.com/zalando/go-keyring v0.0.0-20180221093347-6d81c293b3fb/go.mod h1:XlXBIfkGawHNVOHlenOaBW7zlfCh8LovwjOgjamYnkQ=
golang.org/x/crypto v0.0.0-20170825220121-81e90905daef h1:R8ubLIilYRXIXpgjOg2l/ECVs3HzVKIjJEhxSsQ91u4=
golang.org/x/crypto v0.0.0-20170825220121-81e90905daef/go.mod h1:6SG95UA2DQfeDnfUPMdvaQW0Q7yPrPDi9nlGo2tz2b4=
golang.org/x/net v0.0.0-20170809000501-1c05540f6879 h1:0rFa7EaCGdQPmZVbo9F7MNF65b8dyzS6EUnXjs9Cllk=
golang.org/x/net v0.0.0-20170809000501-1c05540f6879/go.mod h1:mL1N/T3taQHkDXs73rZJwtUhF3w3ftmwwsq0BUmARs4=
golang.org/x/sys v0.0.0-20171031081856-95c657629925 h1:nCH33NboKIsT4HoXBsXTWX8ul303HxWgkc5s2Ezwacg=
golang.org/x/sys v0.0.0-20171031081856-95c657629925/go.mod h1:STP8DvDyc/dI5b8T5hshtkjS+E42TnysNCUPdjciGhY=
golang.org/x/text v0.0.0-20170810154203-b19bf474d317 h1:WKW+OPdYPlvOTVGHuMfjnIC6yY2SI93yFB0pZ7giBmQ=
golang.org/x/text v0.0.0-20170810154203-b19bf474d317/go.mod h1:NqM8EUOU14njkJ3fqMW+pc6Ldnwhi/IjpwHt7yyuwOQ=
google.golang.org/genproto v0.0.0-20170731182057-09f6ed296fc6 h1:72GtwBPfq6av9X0Ru2HtAopsPW+d+vh1K1zaxanTdE8=
google.golang.org/genproto v0.0.0-20170731182057-09f6ed296fc6/go.mod h1:JiN7NxoALGmiZfu7CAH4rXhgtRTLTxftemlI0sWmxmc=
google.golang.org/grpc v1.3.0 h1:8IH4SoOa7XDuVQ+eyHYojugdXbKB9gN+ihF0I/PClx0=
google.golang.org/grpc v1.3.0/go.mod h1:yo6s7OP7yaDglbqo1J04qKzAhqBH6lvTonzMVmEdcZw=
gopkg.in/inf.v0 v0.9.0 h1:3zYtXIO92bvsdS3ggAdA8Gb4Azj0YU+TVY1uGYNFA8o=
gopkg.in/inf.v0 v0.9.0/go.mod h1:cWUDdTG/fYaXco+Dcufb5Vnc6Gp2YChqWtbxRZE0mXw=
gopkg.in/mgo.v2 v2.0.0-20160818020120-3f83fa500528 h1:/saqWwm73dLmuzbNhe92F0QsZ/KiFND+esHco2v1hiY=
gopkg.in/mgo.v2 v2.0.0-20160818020120-3f83fa500528/go.mod h1:yeKp02qBN3iKW1OzL3MGk2IdtZzaj7SFntXj72NppTA=
gopkg.in/yaml.v2 v2.0.0-20170812160011-eb3733d160e7 h1:+t9dhfO+GNOIGJof6kPOAenx7YgrZMTdRPV+EsnPabk=
gopkg.in/yaml.v2 v2.0.0-20170812160011-eb3733d160e7/go.mod h1:JAlM8MvJe8wmxCU4Bli9HhUf9+ttbYbLASfIpnQbh74=
k8s.io/api v0.0.0-20171207041203-11147472b7c9 h1:SgHuZQp7K5OD/DAQnen3bhObv/E4WV/twiZCQnIGGNY=
k8s.io/api v0.0.0-20171207041203-11147472b7c9/go.mod h1:iuAfoD4hCxJ8Onx9kaTIt30j7jUFS00AXQi6QMi99vA=
k8s.io/apiextensions-apiserver v0.0.0-20180103022501-097c49c1906b h1:fOUgfMGnCen7G1LRgo32Hexi2LOZYw0IBQgluvkewSg=
k8s.io/apiextensions-apiserver v0.0.0-20180103022501-097c49c1906b/go.mod h1:IxkesAMoaCRoLrPJdZNZUQp9NfZnzqaVzLhb2VEQzXE=
k8s.io/apimachinery v0.0.0-20180103014849-68f9c3a1feb3 h1:Nl/8rXdhJ0STzSBxQc1xMb4zs/zSTgCEPiFBslKzW+0=
k8s.io/apimachinery v0.0.0-20180103014849-68f9c3a1feb3/go.mod h1:ccL7Eh7zubPUSh9A3USN90/OzHNSVN6zxzde07TDCL0=
k8s.io/client-go v6.0.0+incompatible h1:kskJ2eeKafKUmOhH9xa02lGTs96aoQi3ZKyzIo62sJg=
k8s.io/client-go v6.0.0+incompatible/go.mod h1:7vJpHMYJwNQCWgzmNV+VYUl1zCObLyodBc8nIyt8L5s=
k8s.io/code-generator v0.0.0-20180103022856-91d3f6a57905 h1:B+yDT/IWWMQpyLXEZE8kSJFMhYRwQVWJPFWVZpxrRd0=
k8s.io/code-generator v0.0.0-20180103022856-91d3f6a57905/go.mod h1:MYiN+ZJZ9HkETbgVZdWw2AsuAi9PZ4V80cwfuf2axe8=
k8s.io/gengo v0.0.0-20171109050133-b58fc7edb82e h1:8IvTpF5Jh0eMwwB7g7WGXveEE1bJy5MGgi8JZNvdXe8=
k8s.io/gengo v0.0.0-20171109050133-b58fc7edb82e/go.mod h1:ezvh/TsK7cY6rbqRK0oQQ8IAqLxYwwyPxAX1Pzy0ii0=
k8s.io/helm v2.7.2+incompatible h1:WY8CVrvpd83Z0WdzDgl0GoIS0aP3o84zGulDOA4CRo8=
k8s.io/helm v2.7.2+incompatible/go.mod h1:LZzlS4LQBHfciFOurYBFkCMTaZ0D1l+p0teMg7TSULI=
k8s.io/kube-openapi v0.0.0-20171101183504-39a7bf85c140 h1:j1Zez+Xb4OWvCdROqeq8sP2ACi/qWV1tj/imP0/8a0k=
k8s.io/kube-openapi v0.0.0-20171101183504-39a7bf85c140/go.mod h1:BXM9ceUBTj2QnfH2MK1odQs778ajze1RxcmP6S8RVVc=
k8s.io/utils v0.0.0-20171122000934-aedf551cdb8b h1:yYdRs/7M4OsJDkTfxQnktt/tvrqauKJXUNgsZ/mKtbg=
k8s.io/utils v0.0.0-20171122000934-aedf551cdb8b/go.mod h1:8k8uAuAQ0rXslZKaEWd0c3oVhZz7sSzSiPnVZayjIX0=
